
Microsoft Visual Studio Solution File, Format Version 12.00
# Visual Studio Version 17
VisualStudioVersion = 17.8.34525.116
MinimumVisualStudioVersion = 10.0.40219.1
Project("{9A19103F-16F7-4668-BE54-9A1E7A4F7556}") = "main", "main\main.csproj", "{3C72D5FC-6186-409E-8F01-DF3D08DA8042}"
EndProject
Project("{9A19103F-16F7-4668-BE54-9A1E7A4F7556}") = "baseproj", "..\baseproj\baseproj\baseproj.csproj", "{7927720D-F5C3-4DE2-9A47-7D22F3F97079}"
EndProject
Global
	GlobalSection(SolutionConfigurationPlatforms) = preSolution
		Debug|Any CPU = Debug|Any CPU
		Debug|x64 = Debug|x64
		Release|Any CPU = Release|Any CPU
		Release|x64 = Release|x64
	EndGlobalSection
	GlobalSection(ProjectConfigurationPlatforms) = postSolution
		{3C72D5FC-6186-409E-8F01-DF3D08DA8042}.Debug|Any CPU.ActiveCfg = Debug|Any CPU
		{3C72D5FC-6186-409E-8F01-DF3D08DA8042}.Debug|Any CPU.Build.0 = Debug|Any CPU
		{3C72D5FC-6186-409E-8F01-DF3D08DA8042}.Debug|x64.ActiveCfg = Debug|Any CPU
		{3C72D5FC-6186-409E-8F01-DF3D08DA8042}.Debug|x64.Build.0 = Debug|Any CPU
		{3C72D5FC-6186-409E-8F01-DF3D08DA8042}.Release|Any CPU.ActiveCfg = Release|Any CPU
		{3C72D5FC-6186-409E-8F01-DF3D08DA8042}.Release|Any CPU.Build.0 = Release|Any CPU
		{3C72D5FC-6186-409E-8F01-DF3D08DA8042}.Release|x64.ActiveCfg = Release|Any CPU
		{3C72D5FC-6186-409E-8F01-DF3D08DA8042}.Release|x64.Build.0 = Release|Any CPU
		{7927720D-F5C3-4DE2-9A47-7D22F3F97079}.Debug|Any CPU.ActiveCfg = Debug|Any CPU
		{7927720D-F5C3-4DE2-9A47-7D22F3F97079}.Debug|Any CPU.Build.0 = Debug|Any CPU
		{7927720D-F5C3-4DE2-9A47-7D22F3F97079}.Debug|x64.ActiveCfg = Debug|Any CPU
		{7927720D-F5C3-4DE2-9A47-7D22F3F97079}.Debug|x64.Build.0 = Debug|Any CPU
		{7927720D-F5C3-4DE2-9A47-7D22F3F97079}.Release|Any CPU.ActiveCfg = Release|Any CPU
		{7927720D-F5C3-4DE2-9A47-7D22F3F97079}.Release|Any CPU.Build.0 = Release|Any CPU
		{7927720D-F5C3-4DE2-9A47-7D22F3F97079}.Release|x64.ActiveCfg = Release|Any CPU
		{7927720D-F5C3-4DE2-9A47-7D22F3F97079}.Release|x64.Build.0 = Release|Any CPU
	EndGlobalSection
	GlobalSection(SolutionProperties) = preSolution
		HideSolutionNode = FALSE
	EndGlobalSection
	GlobalSection(ExtensibilityGlobals) = postSolution
		SolutionGuid = {7E962DCC-8174-4591-B072-233A61EF0C63}
	EndGlobalSection
EndGlobal
