
Microsoft Visual Studio Solution File, Format Version 12.00
# Visual Studio Version 17
VisualStudioVersion = 17.8.34525.116
MinimumVisualStudioVersion = 10.0.40219.1
Project("{9A19103F-16F7-4668-BE54-9A1E7A4F7556}") = "base", "base\base.csproj", "{B8AA3DD5-1589-42BB-9AF9-65641412CC47}"
EndProject
Global
	GlobalSection(SolutionConfigurationPlatforms) = preSolution
		Debug|Any CPU = Debug|Any CPU
		Release|Any CPU = Release|Any CPU
	EndGlobalSection
	GlobalSection(ProjectConfigurationPlatforms) = postSolution
		{B8AA3DD5-1589-42BB-9AF9-65641412CC47}.Debug|Any CPU.ActiveCfg = Debug|Any CPU
		{B8AA3DD5-1589-42BB-9AF9-65641412CC47}.Debug|Any CPU.Build.0 = Debug|Any CPU
		{B8AA3DD5-1589-42BB-9AF9-65641412CC47}.Release|Any CPU.ActiveCfg = Release|Any CPU
		{B8AA3DD5-1589-42BB-9AF9-65641412CC47}.Release|Any CPU.Build.0 = Release|Any CPU
	EndGlobalSection
	GlobalSection(SolutionProperties) = preSolution
		HideSolutionNode = FALSE
	EndGlobalSection
	GlobalSection(ExtensibilityGlobals) = postSolution
		SolutionGuid = {D3CC589C-3658-46F0-9E19-2DC810108428}
	EndGlobalSection
EndGlobal
